# generated by rye
# use `rye lock` or `rye sync` to update this lockfile
#
# last locked with the following flags:
#   pre: false
#   features: []
#   all-features: false
#   with-sources: false
#   generate-hashes: false
#   universal: false

-e file:.
certifi==2025.1.31
    # via requests
charset-normalizer==3.4.1
    # via requests
click==8.1.8
    # via tidal-mgmt-suite
idna==3.10
    # via requests
isodate==0.7.2
    # via tidalapi
markdown-it-py==3.0.0
    # via rich
mdurl==0.1.2
    # via markdown-it-py
mpegdash==0.4.0
    # via tidalapi
pygments==2.19.1
    # via rich
python-dateutil==2.9.0.post0
    # via tidalapi
ratelimit==2.2.1
    # via tidalapi
requests==2.32.3
    # via tidalapi
rich==14.0.0
    # via tidal-mgmt-suite
six==1.17.0
    # via python-dateutil
tidalapi==0.8.3
    # via tidal-mgmt-suite
typing-extensions==4.13.2
    # via tidalapi
urllib3==2.4.0
    # via requests
